
Microsoft Visual Studio Solution File, Format Version 12.00
# Visual Studio Version 17
VisualStudioVersion = 17.14.36518.9
MinimumVisualStudioVersion = 10.0.40219.1
Project("{2150E333-8FDC-42A3-9474-1A3956D46DE8}") = "Task 1", "Task 1", "{7AD74096-3254-4673-BEF6-DBD5E78C926E}"
EndProject
Project("{FAE04EC0-301F-11D3-BF4B-00C04F79EFBC}") = "Tyuiu.FilevaPA.Sprint1.Task1.V2", "Tyuiu.FilevaPA.Sprint1.Task1.V2\Tyuiu.FilevaPA.Sprint1.Task1.V2.csproj", "{B64BA707-6073-4B3B-A753-828DB4D5B801}"
EndProject
Project("{FAE04EC0-301F-11D3-BF4B-00C04F79EFBC}") = "Tyuiu.FilevaPA.Sprint1.Task1.V2.Lib", "Tyuiu.FilevaPA.Sprint1.Task1.V2.Lib\Tyuiu.FilevaPA.Sprint1.Task1.V2.Lib.csproj", "{FAAAA959-AC34-4887-B1BC-1F4B858DDB22}"
EndProject
Project("{FAE04EC0-301F-11D3-BF4B-00C04F79EFBC}") = "Tyuiu.FilevaPA.Sprint1.Task1.V2.Test", "Tyuiu.FilevaPA.Sprint1.Task1.V2.Test\Tyuiu.FilevaPA.Sprint1.Task1.V2.Test.csproj", "{04BA92F4-8FC9-4F09-B8A0-F57442D2A6CF}"
EndProject
Project("{2150E333-8FDC-42A3-9474-1A3956D46DE8}") = "Task 2", "Task 2", "{7BA439CF-074A-476E-8992-87FB31A4AD75}"
EndProject
Project("{FAE04EC0-301F-11D3-BF4B-00C04F79EFBC}") = "Tyuiu.FilevaPA.Sprint1.Task2.V25", "Tyuiu.FilevaPA.Sprint1.Task2.V25\Tyuiu.FilevaPA.Sprint1.Task2.V25.csproj", "{5EC73939-2003-48AD-86E3-467976E2D898}"
EndProject
Project("{FAE04EC0-301F-11D3-BF4B-00C04F79EFBC}") = "Tyuiu.FilevaPA.Sprint1.Task2.V25.Lib", "Tyuiu.FilevaPA.Sprint1.Task2.V25.Lib\Tyuiu.FilevaPA.Sprint1.Task2.V25.Lib.csproj", "{651D423B-ABF9-446C-A29B-07582287E18B}"
EndProject
Project("{FAE04EC0-301F-11D3-BF4B-00C04F79EFBC}") = "Tyuiu.FilevaPA.Sprint1.Task2.V25.Test", "Tyuiu.FilevaPA.Sprint1.Task2.V25.Test\Tyuiu.FilevaPA.Sprint1.Task2.V25.Test.csproj", "{5E940FEA-E116-40B3-BE1A-7E54727638DE}"
EndProject
Project("{2150E333-8FDC-42A3-9474-1A3956D46DE8}") = "Task 3", "Task 3", "{1A3D9EF0-4F76-4639-94EB-269BE6ECAF66}"
EndProject
Project("{FAE04EC0-301F-11D3-BF4B-00C04F79EFBC}") = "Tyuiu.FilevaPA.Sprint1.Task3.V10", "Tyuiu.FilevaPA.Sprint1.Task3.V10\Tyuiu.FilevaPA.Sprint1.Task3.V10.csproj", "{2201DCA4-34AD-45C0-87FA-397F38CDC84F}"
EndProject
Project("{FAE04EC0-301F-11D3-BF4B-00C04F79EFBC}") = "Tyuiu.FilevaPA.Sprint1.Task3.V10.Lib", "Tyuiu.FilevaPA.Sprint1.Task3.V10.Lib\Tyuiu.FilevaPA.Sprint1.Task3.V10.Lib.csproj", "{3DAE5AA3-30C4-46BA-A1D1-AACB8183F945}"
EndProject
Project("{FAE04EC0-301F-11D3-BF4B-00C04F79EFBC}") = "Tyuiu.FilevaPA.Sprint1.Task3.V10.Test", "Tyuiu.FilevaPA.Sprint1.Task3.V10.Test\Tyuiu.FilevaPA.Sprint1.Task3.V10.Test.csproj", "{14412DA2-FC94-4730-B2A1-97C71C27E2FF}"
EndProject
Project("{2150E333-8FDC-42A3-9474-1A3956D46DE8}") = "Task 4", "Task 4", "{F97DF914-5CFB-4A5F-96B4-83CF36F30735}"
EndProject
Project("{FAE04EC0-301F-11D3-BF4B-00C04F79EFBC}") = "Tyuiu.FilevaPA.Sprint1.Task4.V12", "Tyuiu.FilevaPA.Sprint1.Task4.V12\Tyuiu.FilevaPA.Sprint1.Task4.V12.csproj", "{64E784AA-B5E4-41EE-A35A-059993F9ACA5}"
EndProject
Project("{FAE04EC0-301F-11D3-BF4B-00C04F79EFBC}") = "Tyuiu.FilevaPA.Sprint1.Task4.V12.Lib", "Tyuiu.FilevaPA.Sprint1.Task4.V12.Lib\Tyuiu.FilevaPA.Sprint1.Task4.V12.Lib.csproj", "{21D7F56F-E6CE-44B8-B422-660C446E48EF}"
EndProject
Project("{FAE04EC0-301F-11D3-BF4B-00C04F79EFBC}") = "Tyuiu.FilevaPA.Sprint1.Task4.V12.Test", "Tyuiu.FilevaPA.Sprint1.Task4.V12.Test\Tyuiu.FilevaPA.Sprint1.Task4.V12.Test.csproj", "{3008772F-91F1-4729-93ED-33B8660FD380}"
EndProject
Project("{2150E333-8FDC-42A3-9474-1A3956D46DE8}") = "Task 0", "Task 0", "{02EA681E-C7D8-13C7-8484-4AC65E1B71E8}"
EndProject
Project("{FAE04EC0-301F-11D3-BF4B-00C04F79EFBC}") = "Tyuiu.FilevaPA.Sprint1.Task0.V11", "Tyuiu.FilevaPA.Sprint1.Task0.V11\Tyuiu.FilevaPA.Sprint1.Task0.V11.csproj", "{8232AD04-D980-493D-B32B-9C28DF9C5406}"
EndProject
Project("{FAE04EC0-301F-11D3-BF4B-00C04F79EFBC}") = "Tyuiu.FilevaPA.Sprint1.Task0.V11.Lib", "Tyuiu.FilevaPA.Sprint1.Task0.V11.Lib\Tyuiu.FilevaPA.Sprint1.Task0.V11.Lib.csproj", "{912DA3D9-3DD6-4F70-B991-0849DA889938}"
EndProject
Project("{FAE04EC0-301F-11D3-BF4B-00C04F79EFBC}") = "Tyuiu.FilevaPA.Sprint1.Task0.V11.Test", "Tyuiu.FilevaPA.Sprint1.Task0.V11.Test\Tyuiu.FilevaPA.Sprint1.Task0.V11.Test.csproj", "{A02C645A-D2F6-45AE-98A7-92A7C818D820}"
EndProject
Project("{2150E333-8FDC-42A3-9474-1A3956D46DE8}") = "Task 5", "Task 5", "{F4F76A4B-DF9D-4759-8EEC-30CE5A41920F}"
EndProject
Project("{FAE04EC0-301F-11D3-BF4B-00C04F79EFBC}") = "Tyuiu.FilevaPA.Sprint1.Task5.V2", "Tyuiu.FilevaPA.Sprint1.Task5.V2\Tyuiu.FilevaPA.Sprint1.Task5.V2.csproj", "{A94D421F-8A94-4247-9F9A-F13D57306BCB}"
EndProject
Project("{FAE04EC0-301F-11D3-BF4B-00C04F79EFBC}") = "Tyuiu.FilevaPA.Sprint1.Task5.V2.Lib", "Tyuiu.FilevaPA.Sprint1.Task5.V2.Lib\Tyuiu.FilevaPA.Sprint1.Task5.V2.Lib.csproj", "{72AFFCE9-15B2-4D4D-A66B-C966333B88EA}"
EndProject
Project("{FAE04EC0-301F-11D3-BF4B-00C04F79EFBC}") = "Tyuiu.FilevaPA.Sprint1.Task5.V2.Test", "Tyuiu.FilevaPA.Sprint1.Task5.V2.Test\Tyuiu.FilevaPA.Sprint1.Task5.V2.Test.csproj", "{7509E211-FFDC-463D-8070-602243108181}"
EndProject
Project("{2150E333-8FDC-42A3-9474-1A3956D46DE8}") = "Task 6", "Task 6", "{070AD226-DDC9-41F1-AC8C-BB0AB6C39914}"
EndProject
Project("{FAE04EC0-301F-11D3-BF4B-00C04F79EFBC}") = "Tyuiu.FilevaPA.Sprint1.Task6.V2", "Tyuiu.FilevaPA.Sprint1.Task6.V2\Tyuiu.FilevaPA.Sprint1.Task6.V2.csproj", "{DB0119E2-485F-409B-9083-CF903F059F69}"
EndProject
Project("{FAE04EC0-301F-11D3-BF4B-00C04F79EFBC}") = "Tyuiu.FilevaPA.Sprint1.Task6.V2.Lib", "Tyuiu.FilevaPA.Sprint1.Task6.V2.Lib\Tyuiu.FilevaPA.Sprint1.Task6.V2.Lib.csproj", "{1F1D5575-0793-47B7-B3A4-488C7645F8EE}"
EndProject
Project("{FAE04EC0-301F-11D3-BF4B-00C04F79EFBC}") = "Tyuiu.FilevaPA.Sprint1.Task6.V2.Test", "Tyuiu.FilevaPA.Sprint1.Task6.V2.Test\Tyuiu.FilevaPA.Sprint1.Task6.V2.Test.csproj", "{99DEB4DB-FFA8-4A9B-8B41-181997AE1949}"
EndProject
Global
	GlobalSection(SolutionConfigurationPlatforms) = preSolution
		Debug|Any CPU = Debug|Any CPU
		Release|Any CPU = Release|Any CPU
	EndGlobalSection
	GlobalSection(ProjectConfigurationPlatforms) = postSolution
		{B64BA707-6073-4B3B-A753-828DB4D5B801}.Debug|Any CPU.ActiveCfg = Debug|Any CPU
		{B64BA707-6073-4B3B-A753-828DB4D5B801}.Debug|Any CPU.Build.0 = Debug|Any CPU
		{B64BA707-6073-4B3B-A753-828DB4D5B801}.Release|Any CPU.ActiveCfg = Release|Any CPU
		{B64BA707-6073-4B3B-A753-828DB4D5B801}.Release|Any CPU.Build.0 = Release|Any CPU
		{FAAAA959-AC34-4887-B1BC-1F4B858DDB22}.Debug|Any CPU.ActiveCfg = Debug|Any CPU
		{FAAAA959-AC34-4887-B1BC-1F4B858DDB22}.Debug|Any CPU.Build.0 = Debug|Any CPU
		{FAAAA959-AC34-4887-B1BC-1F4B858DDB22}.Release|Any CPU.ActiveCfg = Release|Any CPU
		{FAAAA959-AC34-4887-B1BC-1F4B858DDB22}.Release|Any CPU.Build.0 = Release|Any CPU
		{04BA92F4-8FC9-4F09-B8A0-F57442D2A6CF}.Debug|Any CPU.ActiveCfg = Debug|Any CPU
		{04BA92F4-8FC9-4F09-B8A0-F57442D2A6CF}.Debug|Any CPU.Build.0 = Debug|Any CPU
		{04BA92F4-8FC9-4F09-B8A0-F57442D2A6CF}.Release|Any CPU.ActiveCfg = Release|Any CPU
		{04BA92F4-8FC9-4F09-B8A0-F57442D2A6CF}.Release|Any CPU.Build.0 = Release|Any CPU
		{5EC73939-2003-48AD-86E3-467976E2D898}.Debug|Any CPU.ActiveCfg = Debug|Any CPU
		{5EC73939-2003-48AD-86E3-467976E2D898}.Debug|Any CPU.Build.0 = Debug|Any CPU
		{5EC73939-2003-48AD-86E3-467976E2D898}.Release|Any CPU.ActiveCfg = Release|Any CPU
		{5EC73939-2003-48AD-86E3-467976E2D898}.Release|Any CPU.Build.0 = Release|Any CPU
		{651D423B-ABF9-446C-A29B-07582287E18B}.Debug|Any CPU.ActiveCfg = Debug|Any CPU
		{651D423B-ABF9-446C-A29B-07582287E18B}.Debug|Any CPU.Build.0 = Debug|Any CPU
		{651D423B-ABF9-446C-A29B-07582287E18B}.Release|Any CPU.ActiveCfg = Release|Any CPU
		{651D423B-ABF9-446C-A29B-07582287E18B}.Release|Any CPU.Build.0 = Release|Any CPU
		{5E940FEA-E116-40B3-BE1A-7E54727638DE}.Debug|Any CPU.ActiveCfg = Debug|Any CPU
		{5E940FEA-E116-40B3-BE1A-7E54727638DE}.Debug|Any CPU.Build.0 = Debug|Any CPU
		{5E940FEA-E116-40B3-BE1A-7E54727638DE}.Release|Any CPU.ActiveCfg = Release|Any CPU
		{5E940FEA-E116-40B3-BE1A-7E54727638DE}.Release|Any CPU.Build.0 = Release|Any CPU
		{2201DCA4-34AD-45C0-87FA-397F38CDC84F}.Debug|Any CPU.ActiveCfg = Debug|Any CPU
		{2201DCA4-34AD-45C0-87FA-397F38CDC84F}.Debug|Any CPU.Build.0 = Debug|Any CPU
		{2201DCA4-34AD-45C0-87FA-397F38CDC84F}.Release|Any CPU.ActiveCfg = Release|Any CPU
		{2201DCA4-34AD-45C0-87FA-397F38CDC84F}.Release|Any CPU.Build.0 = Release|Any CPU
		{3DAE5AA3-30C4-46BA-A1D1-AACB8183F945}.Debug|Any CPU.ActiveCfg = Debug|Any CPU
		{3DAE5AA3-30C4-46BA-A1D1-AACB8183F945}.Debug|Any CPU.Build.0 = Debug|Any CPU
		{3DAE5AA3-30C4-46BA-A1D1-AACB8183F945}.Release|Any CPU.ActiveCfg = Release|Any CPU
		{3DAE5AA3-30C4-46BA-A1D1-AACB8183F945}.Release|Any CPU.Build.0 = Release|Any CPU
		{14412DA2-FC94-4730-B2A1-97C71C27E2FF}.Debug|Any CPU.ActiveCfg = Debug|Any CPU
		{14412DA2-FC94-4730-B2A1-97C71C27E2FF}.Debug|Any CPU.Build.0 = Debug|Any CPU
		{14412DA2-FC94-4730-B2A1-97C71C27E2FF}.Release|Any CPU.ActiveCfg = Release|Any CPU
		{14412DA2-FC94-4730-B2A1-97C71C27E2FF}.Release|Any CPU.Build.0 = Release|Any CPU
		{64E784AA-B5E4-41EE-A35A-059993F9ACA5}.Debug|Any CPU.ActiveCfg = Debug|Any CPU
		{64E784AA-B5E4-41EE-A35A-059993F9ACA5}.Debug|Any CPU.Build.0 = Debug|Any CPU
		{64E784AA-B5E4-41EE-A35A-059993F9ACA5}.Release|Any CPU.ActiveCfg = Release|Any CPU
		{64E784AA-B5E4-41EE-A35A-059993F9ACA5}.Release|Any CPU.Build.0 = Release|Any CPU
		{21D7F56F-E6CE-44B8-B422-660C446E48EF}.Debug|Any CPU.ActiveCfg = Debug|Any CPU
		{21D7F56F-E6CE-44B8-B422-660C446E48EF}.Debug|Any CPU.Build.0 = Debug|Any CPU
		{21D7F56F-E6CE-44B8-B422-660C446E48EF}.Release|Any CPU.ActiveCfg = Release|Any CPU
		{21D7F56F-E6CE-44B8-B422-660C446E48EF}.Release|Any CPU.Build.0 = Release|Any CPU
		{3008772F-91F1-4729-93ED-33B8660FD380}.Debug|Any CPU.ActiveCfg = Debug|Any CPU
		{3008772F-91F1-4729-93ED-33B8660FD380}.Debug|Any CPU.Build.0 = Debug|Any CPU
		{3008772F-91F1-4729-93ED-33B8660FD380}.Release|Any CPU.ActiveCfg = Release|Any CPU
		{3008772F-91F1-4729-93ED-33B8660FD380}.Release|Any CPU.Build.0 = Release|Any CPU
		{8232AD04-D980-493D-B32B-9C28DF9C5406}.Debug|Any CPU.ActiveCfg = Debug|Any CPU
		{8232AD04-D980-493D-B32B-9C28DF9C5406}.Debug|Any CPU.Build.0 = Debug|Any CPU
		{8232AD04-D980-493D-B32B-9C28DF9C5406}.Release|Any CPU.ActiveCfg = Release|Any CPU
		{8232AD04-D980-493D-B32B-9C28DF9C5406}.Release|Any CPU.Build.0 = Release|Any CPU
		{912DA3D9-3DD6-4F70-B991-0849DA889938}.Debug|Any CPU.ActiveCfg = Debug|Any CPU
		{912DA3D9-3DD6-4F70-B991-0849DA889938}.Debug|Any CPU.Build.0 = Debug|Any CPU
		{912DA3D9-3DD6-4F70-B991-0849DA889938}.Release|Any CPU.ActiveCfg = Release|Any CPU
		{912DA3D9-3DD6-4F70-B991-0849DA889938}.Release|Any CPU.Build.0 = Release|Any CPU
		{A02C645A-D2F6-45AE-98A7-92A7C818D820}.Debug|Any CPU.ActiveCfg = Debug|Any CPU
		{A02C645A-D2F6-45AE-98A7-92A7C818D820}.Debug|Any CPU.Build.0 = Debug|Any CPU
		{A02C645A-D2F6-45AE-98A7-92A7C818D820}.Release|Any CPU.ActiveCfg = Release|Any CPU
		{A02C645A-D2F6-45AE-98A7-92A7C818D820}.Release|Any CPU.Build.0 = Release|Any CPU
		{A94D421F-8A94-4247-9F9A-F13D57306BCB}.Debug|Any CPU.ActiveCfg = Debug|Any CPU
		{A94D421F-8A94-4247-9F9A-F13D57306BCB}.Debug|Any CPU.Build.0 = Debug|Any CPU
		{A94D421F-8A94-4247-9F9A-F13D57306BCB}.Release|Any CPU.ActiveCfg = Release|Any CPU
		{A94D421F-8A94-4247-9F9A-F13D57306BCB}.Release|Any CPU.Build.0 = Release|Any CPU
		{72AFFCE9-15B2-4D4D-A66B-C966333B88EA}.Debug|Any CPU.ActiveCfg = Debug|Any CPU
		{72AFFCE9-15B2-4D4D-A66B-C966333B88EA}.Debug|Any CPU.Build.0 = Debug|Any CPU
		{72AFFCE9-15B2-4D4D-A66B-C966333B88EA}.Release|Any CPU.ActiveCfg = Release|Any CPU
		{72AFFCE9-15B2-4D4D-A66B-C966333B88EA}.Release|Any CPU.Build.0 = Release|Any CPU
		{7509E211-FFDC-463D-8070-602243108181}.Debug|Any CPU.ActiveCfg = Debug|Any CPU
		{7509E211-FFDC-463D-8070-602243108181}.Debug|Any CPU.Build.0 = Debug|Any CPU
		{7509E211-FFDC-463D-8070-602243108181}.Release|Any CPU.ActiveCfg = Release|Any CPU
		{7509E211-FFDC-463D-8070-602243108181}.Release|Any CPU.Build.0 = Release|Any CPU
		{DB0119E2-485F-409B-9083-CF903F059F69}.Debug|Any CPU.ActiveCfg = Debug|Any CPU
		{DB0119E2-485F-409B-9083-CF903F059F69}.Debug|Any CPU.Build.0 = Debug|Any CPU
		{DB0119E2-485F-409B-9083-CF903F059F69}.Release|Any CPU.ActiveCfg = Release|Any CPU
		{DB0119E2-485F-409B-9083-CF903F059F69}.Release|Any CPU.Build.0 = Release|Any CPU
		{1F1D5575-0793-47B7-B3A4-488C7645F8EE}.Debug|Any CPU.ActiveCfg = Debug|Any CPU
		{1F1D5575-0793-47B7-B3A4-488C7645F8EE}.Debug|Any CPU.Build.0 = Debug|Any CPU
		{1F1D5575-0793-47B7-B3A4-488C7645F8EE}.Release|Any CPU.ActiveCfg = Release|Any CPU
		{1F1D5575-0793-47B7-B3A4-488C7645F8EE}.Release|Any CPU.Build.0 = Release|Any CPU
		{99DEB4DB-FFA8-4A9B-8B41-181997AE1949}.Debug|Any CPU.ActiveCfg = Debug|Any CPU
		{99DEB4DB-FFA8-4A9B-8B41-181997AE1949}.Debug|Any CPU.Build.0 = Debug|Any CPU
		{99DEB4DB-FFA8-4A9B-8B41-181997AE1949}.Release|Any CPU.ActiveCfg = Release|Any CPU
		{99DEB4DB-FFA8-4A9B-8B41-181997AE1949}.Release|Any CPU.Build.0 = Release|Any CPU
	EndGlobalSection
	GlobalSection(SolutionProperties) = preSolution
		HideSolutionNode = FALSE
	EndGlobalSection
	GlobalSection(NestedProjects) = preSolution
		{B64BA707-6073-4B3B-A753-828DB4D5B801} = {7AD74096-3254-4673-BEF6-DBD5E78C926E}
		{FAAAA959-AC34-4887-B1BC-1F4B858DDB22} = {7AD74096-3254-4673-BEF6-DBD5E78C926E}
		{04BA92F4-8FC9-4F09-B8A0-F57442D2A6CF} = {7AD74096-3254-4673-BEF6-DBD5E78C926E}
		{5EC73939-2003-48AD-86E3-467976E2D898} = {7BA439CF-074A-476E-8992-87FB31A4AD75}
		{651D423B-ABF9-446C-A29B-07582287E18B} = {7BA439CF-074A-476E-8992-87FB31A4AD75}
		{5E940FEA-E116-40B3-BE1A-7E54727638DE} = {7BA439CF-074A-476E-8992-87FB31A4AD75}
		{2201DCA4-34AD-45C0-87FA-397F38CDC84F} = {1A3D9EF0-4F76-4639-94EB-269BE6ECAF66}
		{3DAE5AA3-30C4-46BA-A1D1-AACB8183F945} = {1A3D9EF0-4F76-4639-94EB-269BE6ECAF66}
		{14412DA2-FC94-4730-B2A1-97C71C27E2FF} = {1A3D9EF0-4F76-4639-94EB-269BE6ECAF66}
		{64E784AA-B5E4-41EE-A35A-059993F9ACA5} = {F97DF914-5CFB-4A5F-96B4-83CF36F30735}
		{21D7F56F-E6CE-44B8-B422-660C446E48EF} = {F97DF914-5CFB-4A5F-96B4-83CF36F30735}
		{3008772F-91F1-4729-93ED-33B8660FD380} = {F97DF914-5CFB-4A5F-96B4-83CF36F30735}
		{8232AD04-D980-493D-B32B-9C28DF9C5406} = {02EA681E-C7D8-13C7-8484-4AC65E1B71E8}
		{912DA3D9-3DD6-4F70-B991-0849DA889938} = {02EA681E-C7D8-13C7-8484-4AC65E1B71E8}
		{A02C645A-D2F6-45AE-98A7-92A7C818D820} = {02EA681E-C7D8-13C7-8484-4AC65E1B71E8}
		{A94D421F-8A94-4247-9F9A-F13D57306BCB} = {F4F76A4B-DF9D-4759-8EEC-30CE5A41920F}
		{72AFFCE9-15B2-4D4D-A66B-C966333B88EA} = {F4F76A4B-DF9D-4759-8EEC-30CE5A41920F}
		{7509E211-FFDC-463D-8070-602243108181} = {F4F76A4B-DF9D-4759-8EEC-30CE5A41920F}
		{DB0119E2-485F-409B-9083-CF903F059F69} = {070AD226-DDC9-41F1-AC8C-BB0AB6C39914}
		{1F1D5575-0793-47B7-B3A4-488C7645F8EE} = {070AD226-DDC9-41F1-AC8C-BB0AB6C39914}
		{99DEB4DB-FFA8-4A9B-8B41-181997AE1949} = {070AD226-DDC9-41F1-AC8C-BB0AB6C39914}
	EndGlobalSection
	GlobalSection(ExtensibilityGlobals) = postSolution
		SolutionGuid = {474E4D9D-7B5B-4486-8848-AF0B6D57A0DA}
	EndGlobalSection
EndGlobal
